
Microsoft Visual Studio Solution File, Format Version 12.00
# Visual Studio Version 17
VisualStudioVersion = 17.7.34024.191
MinimumVisualStudioVersion = 10.0.40219.1
Project("{FAE04EC0-301F-11D3-BF4B-00C04F79EFBC}") = "ForIteration", "ForIteration.csproj", "{DF1B5B97-99FF-4C2B-9F08-C8C78627D446}"
EndProject
Global
	GlobalSection(SolutionConfigurationPlatforms) = preSolution
		Debug|Any CPU = Debug|Any CPU
		Release|Any CPU = Release|Any CPU
	EndGlobalSection
	GlobalSection(ProjectConfigurationPlatforms) = postSolution
		{DF1B5B97-99FF-4C2B-9F08-C8C78627D446}.Debug|Any CPU.ActiveCfg = Debug|Any CPU
		{DF1B5B97-99FF-4C2B-9F08-C8C78627D446}.Debug|Any CPU.Build.0 = Debug|Any CPU
		{DF1B5B97-99FF-4C2B-9F08-C8C78627D446}.Release|Any CPU.ActiveCfg = Release|Any CPU
		{DF1B5B97-99FF-4C2B-9F08-C8C78627D446}.Release|Any CPU.Build.0 = Release|Any CPU
	EndGlobalSection
	GlobalSection(SolutionProperties) = preSolution
		HideSolutionNode = FALSE
	EndGlobalSection
	GlobalSection(ExtensibilityGlobals) = postSolution
		SolutionGuid = {9F142A5B-1270-4F96-8EFA-97CE921AF6C3}
	EndGlobalSection
EndGlobal
